// !$*UTF8*$!
{
	archiveVersion = 1;
	classes = {
	};
	objectVersion = 56;
	objects = {

/* Begin PBXBuildFile section */
		18877E232B2BE45B00B535B4 /* AppDelegate.swift in Sources */ = {isa = PBXBuildFile; fileRef = 18877E222B2BE45B00B535B4 /* AppDelegate.swift */; };
		18877E252B2BE45B00B535B4 /* SceneDelegate.swift in Sources */ = {isa = PBXBuildFile; fileRef = 18877E242B2BE45B00B535B4 /* SceneDelegate.swift */; };
		18877E272B2BE45B00B535B4 /* ViewController.swift in Sources */ = {isa = PBXBuildFile; fileRef = 18877E262B2BE45B00B535B4 /* ViewController.swift */; };
		18877E2A2B2BE45B00B535B4 /* Main.storyboard in Resources */ = {isa = PBXBuildFile; fileRef = 18877E282B2BE45B00B535B4 /* Main.storyboard */; };
		18877E2C2B2BE45C00B535B4 /* Assets.xcassets in Resources */ = {isa = PBXBuildFile; fileRef = 18877E2B2B2BE45C00B535B4 /* Assets.xcassets */; };
		18877E2F2B2BE45C00B535B4 /* LaunchScreen.storyboard in Resources */ = {isa = PBXBuildFile; fileRef = 18877E2D2B2BE45C00B535B4 /* LaunchScreen.storyboard */; };
		18877E382B2BE48F00B535B4 /* SnapKit in Frameworks */ = {isa = PBXBuildFile; productRef = 18877E372B2BE48F00B535B4 /* SnapKit */; };
		18877E3A2B2BE48F00B535B4 /* SnapKit-Dynamic in Frameworks */ = {isa = PBXBuildFile; productRef = 18877E392B2BE48F00B535B4 /* SnapKit-Dynamic */; };
		18877E3F2B2BE56F00B535B4 /* PagingTabBar.swift in Sources */ = {isa = PBXBuildFile; fileRef = 18877E3E2B2BE56F00B535B4 /* PagingTabBar.swift */; };
		18877E422B2BE6E400B535B4 /* PagingTabBarCell.swift in Sources */ = {isa = PBXBuildFile; fileRef = 18877E412B2BE6E400B535B4 /* PagingTabBarCell.swift */; };
		18877E442B2BE93500B535B4 /* PagingView.swift in Sources */ = {isa = PBXBuildFile; fileRef = 18877E432B2BE93500B535B4 /* PagingView.swift */; };
		18877E462B2BEAA500B535B4 /* PagingCollectionViewCell.swift in Sources */ = {isa = PBXBuildFile; fileRef = 18877E452B2BEAA500B535B4 /* PagingCollectionViewCell.swift */; };
		18877E492B2BF79800B535B4 /* ReuseIdentifying.swift in Sources */ = {isa = PBXBuildFile; fileRef = 18877E482B2BF79800B535B4 /* ReuseIdentifying.swift */; };
/* End PBXBuildFile section */

/* Begin PBXFileReference section */
		18877E1F2B2BE45B00B535B4 /* CustomTabbar.app */ = {isa = PBXFileReference; explicitFileType = wrapper.application; includeInIndex = 0; path = CustomTabbar.app; sourceTree = BUILT_PRODUCTS_DIR; };
		18877E222B2BE45B00B535B4 /* AppDelegate.swift */ = {isa = PBXFileReference; lastKnownFileType = sourcecode.swift; path = AppDelegate.swift; sourceTree = "<group>"; };
		18877E242B2BE45B00B535B4 /* SceneDelegate.swift */ = {isa = PBXFileReference; lastKnownFileType = sourcecode.swift; path = SceneDelegate.swift; sourceTree = "<group>"; };
		18877E262B2BE45B00B535B4 /* ViewController.swift */ = {isa = PBXFileReference; lastKnownFileType = sourcecode.swift; path = ViewController.swift; sourceTree = "<group>"; };
		18877E292B2BE45B00B535B4 /* Base */ = {isa = PBXFileReference; lastKnownFileType = file.storyboard; name = Base; path = Base.lproj/Main.storyboard; sourceTree = "<group>"; };
		18877E2B2B2BE45C00B535B4 /* Assets.xcassets */ = {isa = PBXFileReference; lastKnownFileType = folder.assetcatalog; path = Assets.xcassets; sourceTree = "<group>"; };
		18877E2E2B2BE45C00B535B4 /* Base */ = {isa = PBXFileReference; lastKnownFileType = file.storyboard; name = Base; path = Base.lproj/LaunchScreen.storyboard; sourceTree = "<group>"; };
		18877E302B2BE45C00B535B4 /* Info.plist */ = {isa = PBXFileReference; lastKnownFileType = text.plist.xml; path = Info.plist; sourceTree = "<group>"; };
		18877E3E2B2BE56F00B535B4 /* PagingTabBar.swift */ = {isa = PBXFileReference; lastKnownFileType = sourcecode.swift; path = PagingTabBar.swift; sourceTree = "<group>"; };
		18877E412B2BE6E400B535B4 /* PagingTabBarCell.swift */ = {isa = PBXFileReference; lastKnownFileType = sourcecode.swift; path = PagingTabBarCell.swift; sourceTree = "<group>"; };
		18877E432B2BE93500B535B4 /* PagingView.swift */ = {isa = PBXFileReference; lastKnownFileType = sourcecode.swift; path = PagingView.swift; sourceTree = "<group>"; };
		18877E452B2BEAA500B535B4 /* PagingCollectionViewCell.swift */ = {isa = PBXFileReference; lastKnownFileType = sourcecode.swift; path = PagingCollectionViewCell.swift; sourceTree = "<group>"; };
		18877E482B2BF79800B535B4 /* ReuseIdentifying.swift */ = {isa = PBXFileReference; lastKnownFileType = sourcecode.swift; path = ReuseIdentifying.swift; sourceTree = "<group>"; };
/* End PBXFileReference section */

/* Begin PBXFrameworksBuildPhase section */
		18877E1C2B2BE45B00B535B4 /* Frameworks */ = {
			isa = PBXFrameworksBuildPhase;
			buildActionMask = 2147483647;
			files = (
				18877E382B2BE48F00B535B4 /* SnapKit in Frameworks */,
				18877E3A2B2BE48F00B535B4 /* SnapKit-Dynamic in Frameworks */,
			);
			runOnlyForDeploymentPostprocessing = 0;
		};
/* End PBXFrameworksBuildPhase section */

/* Begin PBXGroup section */
		18011A652B2FD2E90028E78D /* ViewController */ = {
			isa = PBXGroup;
			children = (
				18877E262B2BE45B00B535B4 /* ViewController.swift */,
			);
			path = ViewController;
			sourceTree = "<group>";
		};
		18877E162B2BE45B00B535B4 = {
			isa = PBXGroup;
			children = (
				18877E212B2BE45B00B535B4 /* CustomTabbar */,
				18877E202B2BE45B00B535B4 /* Products */,
			);
			sourceTree = "<group>";
		};
		18877E202B2BE45B00B535B4 /* Products */ = {
			isa = PBXGroup;
			children = (
				18877E1F2B2BE45B00B535B4 /* CustomTabbar.app */,
			);
			name = Products;
			sourceTree = "<group>";
		};
		18877E212B2BE45B00B535B4 /* CustomTabbar */ = {
			isa = PBXGroup;
			children = (
				18877E222B2BE45B00B535B4 /* AppDelegate.swift */,
				18877E242B2BE45B00B535B4 /* SceneDelegate.swift */,
				18877E472B2BF78900B535B4 /* Extension */,
				18877E402B2BE6CD00B535B4 /* Cell */,
				18877E3D2B2BE55E00B535B4 /* View */,
				18011A652B2FD2E90028E78D /* ViewController */,
				18877E282B2BE45B00B535B4 /* Main.storyboard */,
				18877E2B2B2BE45C00B535B4 /* Assets.xcassets */,
				18877E2D2B2BE45C00B535B4 /* LaunchScreen.storyboard */,
				18877E302B2BE45C00B535B4 /* Info.plist */,
			);
			path = CustomTabbar;
			sourceTree = "<group>";
		};
		18877E3D2B2BE55E00B535B4 /* View */ = {
			isa = PBXGroup;
			children = (
				18877E3E2B2BE56F00B535B4 /* PagingTabBar.swift */,
				18877E432B2BE93500B535B4 /* PagingView.swift */,
			);
			path = View;
			sourceTree = "<group>";
		};
		18877E402B2BE6CD00B535B4 /* Cell */ = {
			isa = PBXGroup;
			children = (
				18877E412B2BE6E400B535B4 /* PagingTabBarCell.swift */,
				18877E452B2BEAA500B535B4 /* PagingCollectionViewCell.swift */,
			);
			path = Cell;
			sourceTree = "<group>";
		};
		18877E472B2BF78900B535B4 /* Extension */ = {
			isa = PBXGroup;
			children = (
				18877E482B2BF79800B535B4 /* ReuseIdentifying.swift */,
			);
			path = Extension;
			sourceTree = "<group>";
		};
/* End PBXGroup section */

/* Begin PBXNativeTarget section */
		18877E1E2B2BE45B00B535B4 /* CustomTabbar */ = {
			isa = PBXNativeTarget;
			buildConfigurationList = 18877E332B2BE45C00B535B4 /* Build configuration list for PBXNativeTarget "CustomTabbar" */;
			buildPhases = (
				18877E1B2B2BE45B00B535B4 /* Sources */,
				18877E1C2B2BE45B00B535B4 /* Frameworks */,
				18877E1D2B2BE45B00B535B4 /* Resources */,
			);
			buildRules = (
			);
			dependencies = (
			);
			name = CustomTabbar;
			packageProductDependencies = (
				18877E372B2BE48F00B535B4 /* SnapKit */,
				18877E392B2BE48F00B535B4 /* SnapKit-Dynamic */,
			);
			productName = CustomTabbar;
			productReference = 18877E1F2B2BE45B00B535B4 /* CustomTabbar.app */;
			productType = "com.apple.product-type.application";
		};
/* End PBXNativeTarget section */

/* Begin PBXProject section */
		18877E172B2BE45B00B535B4 /* Project object */ = {
			isa = PBXProject;
			attributes = {
				BuildIndependentTargetsInParallel = 1;
				LastSwiftUpdateCheck = 1500;
				LastUpgradeCheck = 1500;
				TargetAttributes = {
					18877E1E2B2BE45B00B535B4 = {
						CreatedOnToolsVersion = 15.0.1;
					};
				};
			};
			buildConfigurationList = 18877E1A2B2BE45B00B535B4 /* Build configuration list for PBXProject "CustomTabbar" */;
			compatibilityVersion = "Xcode 14.0";
			developmentRegion = en;
			hasScannedForEncodings = 0;
			knownRegions = (
				en,
				Base,
			);
			mainGroup = 18877E162B2BE45B00B535B4;
			packageReferences = (
				18877E362B2BE48F00B535B4 /* XCRemoteSwiftPackageReference "SnapKit" */,
			);
			productRefGroup = 18877E202B2BE45B00B535B4 /* Products */;
			projectDirPath = "";
			projectRoot = "";
			targets = (
				18877E1E2B2BE45B00B535B4 /* CustomTabbar */,
			);
		};
/* End PBXProject section */

/* Begin PBXResourcesBuildPhase section */
		18877E1D2B2BE45B00B535B4 /* Resources */ = {
			isa = PBXResourcesBuildPhase;
			buildActionMask = 2147483647;
			files = (
				18877E2F2B2BE45C00B535B4 /* LaunchScreen.storyboard in Resources */,
				18877E2C2B2BE45C00B535B4 /* Assets.xcassets in Resources */,
				18877E2A2B2BE45B00B535B4 /* Main.storyboard in Resources */,
			);
			runOnlyForDeploymentPostprocessing = 0;
		};
/* End PBXResourcesBuildPhase section */

/* Begin PBXSourcesBuildPhase section */
		18877E1B2B2BE45B00B535B4 /* Sources */ = {
			isa = PBXSourcesBuildPhase;
			buildActionMask = 2147483647;
			files = (
				18877E272B2BE45B00B535B4 /* ViewController.swift in Sources */,
				18877E232B2BE45B00B535B4 /* AppDelegate.swift in Sources */,
				18877E442B2BE93500B535B4 /* PagingView.swift in Sources */,
				18877E422B2BE6E400B535B4 /* PagingTabBarCell.swift in Sources */,
				18877E252B2BE45B00B535B4 /* SceneDelegate.swift in Sources */,
				18877E3F2B2BE56F00B535B4 /* PagingTabBar.swift in Sources */,
				18877E462B2BEAA500B535B4 /* PagingCollectionViewCell.swift in Sources */,
				18877E492B2BF79800B535B4 /* ReuseIdentifying.swift in Sources */,
			);
			runOnlyForDeploymentPostprocessing = 0;
		};
/* End PBXSourcesBuildPhase section */

/* Begin PBXVariantGroup section */
		18877E282B2BE45B00B535B4 /* Main.storyboard */ = {
			isa = PBXVariantGroup;
			children = (
				18877E292B2BE45B00B535B4 /* Base */,
			);
			name = Main.storyboard;
			sourceTree = "<group>";
		};
		18877E2D2B2BE45C00B535B4 /* LaunchScreen.storyboard */ = {
			isa = PBXVariantGroup;
			children = (
				18877E2E2B2BE45C00B535B4 /* Base */,
			);
			name = LaunchScreen.storyboard;
			sourceTree = "<group>";
		};
/* End PBXVariantGroup section */

/* Begin XCBuildConfiguration section */
		18877E312B2BE45C00B535B4 /* Debug */ = {
			isa = XCBuildConfiguration;
			buildSettings = {
				ALWAYS_SEARCH_USER_PATHS = NO;
				ASSETCATALOG_COMPILER_GENERATE_SWIFT_ASSET_SYMBOL_EXTENSIONS = YES;
				CLANG_ANALYZER_NONNULL = YES;
				CLANG_ANALYZER_NUMBER_OBJECT_CONVERSION = YES_AGGRESSIVE;
				CLANG_CXX_LANGUAGE_STANDARD = "gnu++20";
				CLANG_ENABLE_MODULES = YES;
				CLANG_ENABLE_OBJC_ARC = YES;
				CLANG_ENABLE_OBJC_WEAK = YES;
				CLANG_WARN_BLOCK_CAPTURE_AUTORELEASING = YES;
				CLANG_WARN_BOOL_CONVERSION = YES;
				CLANG_WARN_COMMA = YES;
				CLANG_WARN_CONSTANT_CONVERSION = YES;
				CLANG_WARN_DEPRECATED_OBJC_IMPLEMENTATIONS = YES;
				CLANG_WARN_DIRECT_OBJC_ISA_USAGE = YES_ERROR;
				CLANG_WARN_DOCUMENTATION_COMMENTS = YES;
				CLANG_WARN_EMPTY_BODY = YES;
				CLANG_WARN_ENUM_CONVERSION = YES;
				CLANG_WARN_INFINITE_RECURSION = YES;
				CLANG_WARN_INT_CONVERSION = YES;
				CLANG_WARN_NON_LITERAL_NULL_CONVERSION = YES;
				CLANG_WARN_OBJC_IMPLICIT_RETAIN_SELF = YES;
				CLANG_WARN_OBJC_LITERAL_CONVERSION = YES;
				CLANG_WARN_OBJC_ROOT_CLASS = YES_ERROR;
				CLANG_WARN_QUOTED_INCLUDE_IN_FRAMEWORK_HEADER = YES;
				CLANG_WARN_RANGE_LOOP_ANALYSIS = YES;
				CLANG_WARN_STRICT_PROTOTYPES = YES;
				CLANG_WARN_SUSPICIOUS_MOVE = YES;
				CLANG_WARN_UNGUARDED_AVAILABILITY = YES_AGGRESSIVE;
				CLANG_WARN_UNREACHABLE_CODE = YES;
				CLANG_WARN__DUPLICATE_METHOD_MATCH = YES;
				COPY_PHASE_STRIP = NO;
				DEBUG_INFORMATION_FORMAT = dwarf;
				ENABLE_STRICT_OBJC_MSGSEND = YES;
				ENABLE_TESTABILITY = YES;
				ENABLE_USER_SCRIPT_SANDBOXING = YES;
				GCC_C_LANGUAGE_STANDARD = gnu17;
				GCC_DYNAMIC_NO_PIC = NO;
				GCC_NO_COMMON_BLOCKS = YES;
				GCC_OPTIMIZATION_LEVEL = 0;
				GCC_PREPROCESSOR_DEFINITIONS = (
					"DEBUG=1",
					"$(inherited)",
				);
				GCC_WARN_64_TO_32_BIT_CONVERSION = YES;
				GCC_WARN_ABOUT_RETURN_TYPE = YES_ERROR;
				GCC_WARN_UNDECLARED_SELECTOR = YES;
				GCC_WARN_UNINITIALIZED_AUTOS = YES_AGGRESSIVE;
				GCC_WARN_UNUSED_FUNCTION = YES;
				GCC_WARN_UNUSED_VARIABLE = YES;
				IPHONEOS_DEPLOYMENT_TARGET = 16.0;
				LOCALIZATION_PREFERS_STRING_CATALOGS = YES;
				MTL_ENABLE_DEBUG_INFO = INCLUDE_SOURCE;
				MTL_FAST_MATH = YES;
				ONLY_ACTIVE_ARCH = YES;
				SDKROOT = iphoneos;
				SWIFT_ACTIVE_COMPILATION_CONDITIONS = "DEBUG $(inherited)";
				SWIFT_OPTIMIZATION_LEVEL = "-Onone";
			};
			name = Debug;
		};
		18877E322B2BE45C00B535B4 /* Release */ = {
			isa = XCBuildConfiguration;
			buildSettings = {
				ALWAYS_SEARCH_USER_PATHS = NO;
				ASSETCATALOG_COMPILER_GENERATE_SWIFT_ASSET_SYMBOL_EXTENSIONS = YES;
				CLANG_ANALYZER_NONNULL = YES;
				CLANG_ANALYZER_NUMBER_OBJECT_CONVERSION = YES_AGGRESSIVE;
				CLANG_CXX_LANGUAGE_STANDARD = "gnu++20";
				CLANG_ENABLE_MODULES = YES;
				CLANG_ENABLE_OBJC_ARC = YES;
				CLANG_ENABLE_OBJC_WEAK = YES;
				CLANG_WARN_BLOCK_CAPTURE_AUTORELEASING = YES;
				CLANG_WARN_BOOL_CONVERSION = YES;
				CLANG_WARN_COMMA = YES;
				CLANG_WARN_CONSTANT_CONVERSION = YES;
				CLANG_WARN_DEPRECATED_OBJC_IMPLEMENTATIONS = YES;
				CLANG_WARN_DIRECT_OBJC_ISA_USAGE = YES_ERROR;
				CLANG_WARN_DOCUMENTATION_COMMENTS = YES;
				CLANG_WARN_EMPTY_BODY = YES;
				CLANG_WARN_ENUM_CONVERSION = YES;
				CLANG_WARN_INFINITE_RECURSION = YES;
				CLANG_WARN_INT_CONVERSION = YES;
				CLANG_WARN_NON_LITERAL_NULL_CONVERSION = YES;
				CLANG_WARN_OBJC_IMPLICIT_RETAIN_SELF = YES;
				CLANG_WARN_OBJC_LITERAL_CONVERSION = YES;
				CLANG_WARN_OBJC_ROOT_CLASS = YES_ERROR;
				CLANG_WARN_QUOTED_INCLUDE_IN_FRAMEWORK_HEADER = YES;
				CLANG_WARN_RANGE_LOOP_ANALYSIS = YES;
				CLANG_WARN_STRICT_PROTOTYPES = YES;
				CLANG_WARN_SUSPICIOUS_MOVE = YES;
				CLANG_WARN_UNGUARDED_AVAILABILITY = YES_AGGRESSIVE;
				CLANG_WARN_UNREACHABLE_CODE = YES;
				CLANG_WARN__DUPLICATE_METHOD_MATCH = YES;
				COPY_PHASE_STRIP = NO;
				DEBUG_INFORMATION_FORMAT = "dwarf-with-dsym";
				ENABLE_NS_ASSERTIONS = NO;
				ENABLE_STRICT_OBJC_MSGSEND = YES;
				ENABLE_USER_SCRIPT_SANDBOXING = YES;
				GCC_C_LANGUAGE_STANDARD = gnu17;
				GCC_NO_COMMON_BLOCKS = YES;
				GCC_WARN_64_TO_32_BIT_CONVERSION = YES;
				GCC_WARN_ABOUT_RETURN_TYPE = YES_ERROR;
				GCC_WARN_UNDECLARED_SELECTOR = YES;
				GCC_WARN_UNINITIALIZED_AUTOS = YES_AGGRESSIVE;
				GCC_WARN_UNUSED_FUNCTION = YES;
				GCC_WARN_UNUSED_VARIABLE = YES;
				IPHONEOS_DEPLOYMENT_TARGET = 16.0;
				LOCALIZATION_PREFERS_STRING_CATALOGS = YES;
				MTL_ENABLE_DEBUG_INFO = NO;
				MTL_FAST_MATH = YES;
				SDKROOT = iphoneos;
				SWIFT_COMPILATION_MODE = wholemodule;
				VALIDATE_PRODUCT = YES;
			};
			name = Release;
		};
		18877E342B2BE45C00B535B4 /* Debug */ = {
			isa = XCBuildConfiguration;
			buildSettings = {
				ASSETCATALOG_COMPILER_APPICON_NAME = AppIcon;
				ASSETCATALOG_COMPILER_GLOBAL_ACCENT_COLOR_NAME = AccentColor;
				CODE_SIGN_STYLE = Automatic;
				CURRENT_PROJECT_VERSION = 1;
				DEVELOPMENT_TEAM = 44M47VN85N;
				GENERATE_INFOPLIST_FILE = YES;
				INFOPLIST_FILE = CustomTabbar/Info.plist;
				INFOPLIST_KEY_UIApplicationSupportsIndirectInputEvents = YES;
				INFOPLIST_KEY_UILaunchStoryboardName = LaunchScreen;
				INFOPLIST_KEY_UIMainStoryboardFile = Main;
				INFOPLIST_KEY_UISupportedInterfaceOrientations_iPad = "UIInterfaceOrientationPortrait UIInterfaceOrientationPortraitUpsideDown UIInterfaceOrientationLandscapeLeft UIInterfaceOrientationLandscapeRight";
				INFOPLIST_KEY_UISupportedInterfaceOrientations_iPhone = "UIInterfaceOrientationPortrait UIInterfaceOrientationLandscapeLeft UIInterfaceOrientationLandscapeRight";
				IPHONEOS_DEPLOYMENT_TARGET = 16.0;
				LD_RUNPATH_SEARCH_PATHS = (
					"$(inherited)",
					"@executable_path/Frameworks",
				);
				MARKETING_VERSION = 1.0;
				PRODUCT_BUNDLE_IDENTIFIER = com.sypark.CustomTabbar;
				PRODUCT_NAME = "$(TARGET_NAME)";
				SWIFT_EMIT_LOC_STRINGS = YES;
				SWIFT_VERSION = 5.0;
				TARGETED_DEVICE_FAMILY = "1,2";
			};
			name = Debug;
		};
		18877E352B2BE45C00B535B4 /* Release */ = {
			isa = XCBuildConfiguration;
			buildSettings = {
				ASSETCATALOG_COMPILER_APPICON_NAME = AppIcon;
				ASSETCATALOG_COMPILER_GLOBAL_ACCENT_COLOR_NAME = AccentColor;
				CODE_SIGN_STYLE = Automatic;
				CURRENT_PROJECT_VERSION = 1;
				DEVELOPMENT_TEAM = 44M47VN85N;
				GENERATE_INFOPLIST_FILE = YES;
				INFOPLIST_FILE = CustomTabbar/Info.plist;
				INFOPLIST_KEY_UIApplicationSupportsIndirectInputEvents = YES;
				INFOPLIST_KEY_UILaunchStoryboardName = LaunchScreen;
				INFOPLIST_KEY_UIMainStoryboardFile = Main;
				INFOPLIST_KEY_UISupportedInterfaceOrientations_iPad = "UIInterfaceOrientationPortrait UIInterfaceOrientationPortraitUpsideDown UIInterfaceOrientationLandscapeLeft UIInterfaceOrientationLandscapeRight";
				INFOPLIST_KEY_UISupportedInterfaceOrientations_iPhone = "UIInterfaceOrientationPortrait UIInterfaceOrientationLandscapeLeft UIInterfaceOrientationLandscapeRight";
				IPHONEOS_DEPLOYMENT_TARGET = 16.0;
				LD_RUNPATH_SEARCH_PATHS = (
					"$(inherited)",
					"@executable_path/Frameworks",
				);
				MARKETING_VERSION = 1.0;
				PRODUCT_BUNDLE_IDENTIFIER = com.sypark.CustomTabbar;
				PRODUCT_NAME = "$(TARGET_NAME)";
				SWIFT_EMIT_LOC_STRINGS = YES;
				SWIFT_VERSION = 5.0;
				TARGETED_DEVICE_FAMILY = "1,2";
			};
			name = Release;
		};
/* End XCBuildConfiguration section */

/* Begin XCConfigurationList section */
		18877E1A2B2BE45B00B535B4 /* Build configuration list for PBXProject "CustomTabbar" */ = {
			isa = XCConfigurationList;
			buildConfigurations = (
				18877E312B2BE45C00B535B4 /* Debug */,
				18877E322B2BE45C00B535B4 /* Release */,
			);
			defaultConfigurationIsVisible = 0;
			defaultConfigurationName = Release;
		};
		18877E332B2BE45C00B535B4 /* Build configuration list for PBXNativeTarget "CustomTabbar" */ = {
			isa = XCConfigurationList;
			buildConfigurations = (
				18877E342B2BE45C00B535B4 /* Debug */,
				18877E352B2BE45C00B535B4 /* Release */,
			);
			defaultConfigurationIsVisible = 0;
			defaultConfigurationName = Release;
		};
/* End XCConfigurationList section */

/* Begin XCRemoteSwiftPackageReference section */
		18877E362B2BE48F00B535B4 /* XCRemoteSwiftPackageReference "SnapKit" */ = {
			isa = XCRemoteSwiftPackageReference;
			repositoryURL = "https://github.com/SnapKit/SnapKit.git";
			requirement = {
				kind = upToNextMajorVersion;
				minimumVersion = 5.6.0;
			};
		};
/* End XCRemoteSwiftPackageReference section */

/* Begin XCSwiftPackageProductDependency section */
		18877E372B2BE48F00B535B4 /* SnapKit */ = {
			isa = XCSwiftPackageProductDependency;
			package = 18877E362B2BE48F00B535B4 /* XCRemoteSwiftPackageReference "SnapKit" */;
			productName = SnapKit;
		};
		18877E392B2BE48F00B535B4 /* SnapKit-Dynamic */ = {
			isa = XCSwiftPackageProductDependency;
			package = 18877E362B2BE48F00B535B4 /* XCRemoteSwiftPackageReference "SnapKit" */;
			productName = "SnapKit-Dynamic";
		};
/* End XCSwiftPackageProductDependency section */
	};
	rootObject = 18877E172B2BE45B00B535B4 /* Project object */;
}
